{
  "name": "rescar",
  "lockfileVersion": 2,
  "requires": true,
  "packages": {
    "": {
      "dependencies": {
        "lru-cache": "^9.1.1"
      }
    },
    "node_modules/lru-cache": {
      "version": "9.1.1",
      "resolved": "https://registry.npmjs.org/lru-cache/-/lru-cache-9.1.1.tgz",
      "integrity": "sha512-65/Jky17UwSb0BuB9V+MyDpsOtXKmYwzhyl+cOa9XUiI4uV2Ouy/2voFP3+al0BjZbJgMBD8FojMpAf+Z+qn4A==",
      "engines": {
        "node": "14 || >=16.14"
      }
    }
  },
  "dependencies": {
    "lru-cache": {
      "version": "9.1.1",
      "resolved": "https://registry.npmjs.org/lru-cache/-/lru-cache-9.1.1.tgz",
      "integrity": "sha512-65/Jky17UwSb0BuB9V+MyDpsOtXKmYwzhyl+cOa9XUiI4uV2Ouy/2voFP3+al0BjZbJgMBD8FojMpAf+Z+qn4A=="
    }
  }
}
